<?xml version="1.0" encoding="UTF-8"?>
<CONFIG>
  <ProjectOptions>
    <Version Value="10"/>
    <PathDelim Value="\"/>
    <General>
      <SessionStorage Value="InProjectDir"/>
      <MainUnit Value="0"/>
      <Title Value="RTFP_Desktop"/>
      <ResourceType Value="res"/>
      <UseXPManifest Value="True"/>
      <Icon Value="0"/>
    </General>
    <BuildModes Count="1">
      <Item1 Name="Default" Default="True"/>
    </BuildModes>
    <PublishOptions>
      <Version Value="2"/>
    </PublishOptions>
    <RunParams>
      <local>
        <FormatVersion Value="1"/>
      </local>
    </RunParams>
    <RequiredPackages Count="8">
      <Item1>
        <PackageName Value="TAChartLazarusPkg"/>
      </Item1>
      <Item2>
        <PackageName Value="ACL_ListViewEx"/>
      </Item2>
      <Item3>
        <PackageName Value="LazControls"/>
      </Item3>
      <Item4>
        <PackageName Value="MemDSLaz"/>
      </Item4>
      <Item5>
        <PackageName Value="SynEdit"/>
      </Item5>
      <Item6>
        <PackageName Value="DBFLaz"/>
      </Item6>
      <Item7>
        <PackageName Value="FCL"/>
      </Item7>
      <Item8>
        <PackageName Value="LCL"/>
      </Item8>
    </RequiredPackages>
    <Units Count="46">
      <Unit0>
        <Filename Value="RTFP_Desktop.lpr"/>
        <IsPartOfProject Value="True"/>
      </Unit0>
      <Unit1>
        <Filename Value="rtfp_main.pas"/>
        <IsPartOfProject Value="True"/>
        <ComponentName Value="FormDesktop"/>
        <HasResources Value="True"/>
        <ResourceBaseClass Value="Form"/>
        <UnitName Value="RTFP_main"/>
      </Unit1>
      <Unit2>
        <Filename Value="forms\source_dialog.pas"/>
        <IsPartOfProject Value="True"/>
        <ComponentName Value="Form_FileSource"/>
        <HasResources Value="True"/>
        <ResourceBaseClass Value="Form"/>
      </Unit2>
      <Unit3>
        <Filename Value="sync\sync_timer.pas"/>
        <IsPartOfProject Value="True"/>
      </Unit3>
      <Unit4>
        <Filename Value="forms\form_appearance.pas"/>
        <IsPartOfProject Value="True"/>
        <HasResources Value="True"/>
      </Unit4>
      <Unit5>
        <Filename Value="forms\form_cite_trans.pas"/>
        <IsPartOfProject Value="True"/>
        <ComponentName Value="Form_CiteTrans"/>
        <HasResources Value="True"/>
        <ResourceBaseClass Value="Form"/>
      </Unit5>
      <Unit6>
        <Filename Value="forms\form_classmanager.pas"/>
        <IsPartOfProject Value="True"/>
        <ComponentName Value="ClassManagerForm"/>
        <HasResources Value="True"/>
        <ResourceBaseClass Value="Form"/>
      </Unit6>
      <Unit7>
        <Filename Value="forms\form_field_display_option.pas"/>
        <IsPartOfProject Value="True"/>
        <ComponentName Value="FormFieldDisplayOption"/>
        <HasResources Value="True"/>
        <ResourceBaseClass Value="Form"/>
      </Unit7>
      <Unit8>
        <Filename Value="forms\form_formatedit_option.pas"/>
        <IsPartOfProject Value="True"/>
        <HasResources Value="True"/>
      </Unit8>
      <Unit9>
        <Filename Value="forms\form_import.pas"/>
        <IsPartOfProject Value="True"/>
        <ComponentName Value="Form_ImportFiles"/>
        <HasResources Value="True"/>
        <ResourceBaseClass Value="Form"/>
      </Unit9>
      <Unit10>
        <Filename Value="forms\form_new_project.pas"/>
        <IsPartOfProject Value="True"/>
        <ComponentName Value="Form_NewProject"/>
        <HasResources Value="True"/>
        <ResourceBaseClass Value="Form"/>
      </Unit10>
      <Unit11>
        <Filename Value="forms\form_options.pas"/>
        <IsPartOfProject Value="True"/>
        <ComponentName Value="FormOptions"/>
        <HasResources Value="True"/>
        <ResourceBaseClass Value="Form"/>
      </Unit11>
      <Unit12>
        <Filename Value="forms\form_project_profile.pas"/>
        <IsPartOfProject Value="True"/>
        <HasResources Value="True"/>
      </Unit12>
      <Unit13>
        <Filename Value="forms\form_repeated_checker.pas"/>
        <IsPartOfProject Value="True"/>
        <HasResources Value="True"/>
      </Unit13>
      <Unit14>
        <Filename Value="forms\form_report_tool.pas"/>
        <IsPartOfProject Value="True"/>
        <ComponentName Value="FormReportTool"/>
        <HasResources Value="True"/>
        <ResourceBaseClass Value="Form"/>
      </Unit14>
      <Unit15>
        <Filename Value="rtfp_core\rtfp_class.pas"/>
        <IsPartOfProject Value="True"/>
      </Unit15>
      <Unit16>
        <Filename Value="rtfp_core\rtfp_constants.pas"/>
        <IsPartOfProject Value="True"/>
      </Unit16>
      <Unit17>
        <Filename Value="rtfp_core\rtfp_definition.pas"/>
        <IsPartOfProject Value="True"/>
        <UnitName Value="RTFP_definition"/>
      </Unit17>
      <Unit18>
        <Filename Value="rtfp_core\rtfp_dialog.pas"/>
        <IsPartOfProject Value="True"/>
      </Unit18>
      <Unit19>
        <Filename Value="rtfp_core\rtfp_field.pas"/>
        <IsPartOfProject Value="True"/>
      </Unit19>
      <Unit20>
        <Filename Value="rtfp_core\rtfp_files.pas"/>
        <IsPartOfProject Value="True"/>
      </Unit20>
      <Unit21>
        <Filename Value="rtfp_core\rtfp_format_component.pas"/>
        <IsPartOfProject Value="True"/>
      </Unit21>
      <Unit22>
        <Filename Value="rtfp_core\rtfp_misc.pas"/>
        <IsPartOfProject Value="True"/>
      </Unit22>
      <Unit23>
        <Filename Value="rtfp_core\rtfp_tags.pas"/>
        <IsPartOfProject Value="True"/>
      </Unit23>
      <Unit24>
        <Filename Value="rtfp_core\rtfp_type.pas"/>
        <IsPartOfProject Value="True"/>
      </Unit24>
      <Unit25>
        <Filename Value="rtfp_pdf\rtfp_pdfium.pas"/>
        <IsPartOfProject Value="True"/>
      </Unit25>
      <Unit26>
        <Filename Value="rtfp_pdf\rtfp_pdfobj.pas"/>
        <IsPartOfProject Value="True"/>
      </Unit26>
      <Unit27>
        <Filename Value="rtfp_core\formatedit_list.inc"/>
        <IsPartOfProject Value="True"/>
      </Unit27>
      <Unit28>
        <Filename Value="rtfp_core\packed_format.inc"/>
        <IsPartOfProject Value="True"/>
      </Unit28>
      <Unit29>
        <Filename Value="forms\form_field_change.pas"/>
        <IsPartOfProject Value="True"/>
        <ComponentName Value="Form_FieldChange"/>
        <HasResources Value="True"/>
        <ResourceBaseClass Value="Form"/>
      </Unit29>
      <Unit30>
        <Filename Value="rtfp_core\rtfp_field_convert.pas"/>
        <IsPartOfProject Value="True"/>
      </Unit30>
      <Unit31>
        <Filename Value="rtfp_core\formatedit_component.inc"/>
        <IsPartOfProject Value="True"/>
      </Unit31>
      <Unit32>
        <Filename Value="rtfp_core\access_field.inc"/>
        <IsPartOfProject Value="True"/>
      </Unit32>
      <Unit33>
        <Filename Value="rtfp_core\control_interface.inc"/>
        <IsPartOfProject Value="True"/>
      </Unit33>
      <Unit34>
        <Filename Value="rtfp_core\access_data.inc"/>
        <IsPartOfProject Value="True"/>
      </Unit34>
      <Unit35>
        <Filename Value="rtfp_core\cite_tool.inc"/>
        <IsPartOfProject Value="True"/>
      </Unit35>
      <Unit36>
        <Filename Value="rtfp_core\aufunc.inc"/>
        <IsPartOfProject Value="True"/>
      </Unit36>
      <Unit37>
        <Filename Value="rtfp_core\access_base.inc"/>
        <IsPartOfProject Value="True"/>
      </Unit37>
      <Unit38>
        <Filename Value="rtfp_core\events.inc"/>
        <IsPartOfProject Value="True"/>
      </Unit38>
      <Unit39>
        <Filename Value="rtfp_core\access_attrs.inc"/>
        <IsPartOfProject Value="True"/>
      </Unit39>
      <Unit40>
        <Filename Value="rtfp_core\access_klass.inc"/>
        <IsPartOfProject Value="True"/>
      </Unit40>
      <Unit41>
        <Filename Value="rtfp_core\image.inc"/>
        <IsPartOfProject Value="True"/>
      </Unit41>
      <Unit42>
        <Filename Value="rtfp_core\notes.inc"/>
        <IsPartOfProject Value="True"/>
      </Unit42>
      <Unit43>
        <Filename Value="rtfp_core\paper.inc"/>
        <IsPartOfProject Value="True"/>
      </Unit43>
      <Unit44>
        <Filename Value="rtfp_core\tags.inc"/>
        <IsPartOfProject Value="True"/>
      </Unit44>
      <Unit45>
        <Filename Value="rtfp_core\update.inc"/>
        <IsPartOfProject Value="True"/>
      </Unit45>
    </Units>
  </ProjectOptions>
  <CompilerOptions>
    <Version Value="11"/>
    <PathDelim Value="\"/>
    <Target>
      <Filename Value="RTFP_Desktop"/>
    </Target>
    <SearchPaths>
      <IncludeFiles Value="$(ProjOutDir);rtfp_core"/>
      <OtherUnitFiles Value="forms;sync;rtfp_core;rtfp_pdf"/>
      <UnitOutputDirectory Value="lib\$(TargetCPU)-$(TargetOS)"/>
    </SearchPaths>
    <Linking>
      <Options>
        <Win32>
          <GraphicApplication Value="True"/>
        </Win32>
      </Options>
    </Linking>
  </CompilerOptions>
  <Debugging>
    <Exceptions Count="13">
      <Item1>
        <Name Value="EAbort"/>
      </Item1>
      <Item2>
        <Name Value="ECodetoolError"/>
      </Item2>
      <Item3>
        <Name Value="EFOpenError"/>
      </Item3>
      <Item4>
        <Name Value="AttrsNoFieldErr"/>
      </Item4>
      <Item5>
        <Name Value="AttrsNoPIDErr"/>
      </Item5>
      <Item6>
        <Name Value="Unknown"/>
      </Item6>
      <Item7>
        <Name Value="EDatabaseError"/>
        <Enabled Value="False"/>
      </Item7>
      <Item8>
        <Name Value="EConvertError"/>
      </Item8>
      <Item9>
        <Name Value="Exception"/>
      </Item9>
      <Item10>
        <Name Value="RunError(219)"/>
      </Item10>
      <Item11>
        <Name Value="EInvalidCast"/>
      </Item11>
      <Item12>
        <Name Value="ERegExpr"/>
      </Item12>
      <Item13>
        <Name Value="EFCreateError"/>
      </Item13>
    </Exceptions>
  </Debugging>
</CONFIG>
