<?xml version="1.0" encoding="UTF-8"?>
<CONFIG>
  <ProjectOptions>
    <Version Value="10"/>
    <PathDelim Value="\"/>
    <General>
      <SessionStorage Value="InProjectDir"/>
      <MainUnit Value="0"/>
      <Title Value="RTFP_Desktop"/>
      <ResourceType Value="res"/>
      <UseXPManifest Value="True"/>
      <Icon Value="0"/>
    </General>
    <BuildModes Count="1">
      <Item1 Name="Default" Default="True"/>
    </BuildModes>
    <PublishOptions>
      <Version Value="2"/>
    </PublishOptions>
    <RunParams>
      <local>
        <FormatVersion Value="1"/>
      </local>
    </RunParams>
    <RequiredPackages Count="9">
      <Item1>
        <PackageName Value="ACL_ListViewEx"/>
      </Item1>
      <Item2>
        <PackageName Value="treelistviewpackage"/>
      </Item2>
      <Item3>
        <PackageName Value="LazControls"/>
      </Item3>
      <Item4>
        <PackageName Value="MemDSLaz"/>
      </Item4>
      <Item5>
        <PackageName Value="pack_powerpdf"/>
      </Item5>
      <Item6>
        <PackageName Value="SynEdit"/>
      </Item6>
      <Item7>
        <PackageName Value="DBFLaz"/>
      </Item7>
      <Item8>
        <PackageName Value="FCL"/>
      </Item8>
      <Item9>
        <PackageName Value="LCL"/>
      </Item9>
    </RequiredPackages>
    <Units Count="15">
      <Unit0>
        <Filename Value="RTFP_Desktop.lpr"/>
        <IsPartOfProject Value="True"/>
      </Unit0>
      <Unit1>
        <Filename Value="rtfp_main.pas"/>
        <IsPartOfProject Value="True"/>
        <ComponentName Value="FormDesktop"/>
        <HasResources Value="True"/>
        <ResourceBaseClass Value="Form"/>
        <UnitName Value="RTFP_main"/>
      </Unit1>
      <Unit2>
        <Filename Value="..\FPC_Unit\Auf\apiglio_useful.pas"/>
        <IsPartOfProject Value="True"/>
        <UnitName Value="Apiglio_Useful"/>
      </Unit2>
      <Unit3>
        <Filename Value="..\FPC_Unit\Auf\aufscript_frame.pas"/>
        <IsPartOfProject Value="True"/>
        <ComponentName Value="Frame_AufScript"/>
        <HasResources Value="True"/>
        <ResourceBaseClass Value="Frame"/>
      </Unit3>
      <Unit4>
        <Filename Value="rtfp_definition.pas"/>
        <IsPartOfProject Value="True"/>
        <UnitName Value="RTFP_definition"/>
      </Unit4>
      <Unit5>
        <Filename Value="form_new_project.pas"/>
        <IsPartOfProject Value="True"/>
        <ComponentName Value="Form_NewProject"/>
        <HasResources Value="True"/>
        <ResourceBaseClass Value="Form"/>
      </Unit5>
      <Unit6>
        <Filename Value="form_cite_trans.pas"/>
        <IsPartOfProject Value="True"/>
        <ComponentName Value="Form_CiteTrans"/>
        <HasResources Value="True"/>
        <ResourceBaseClass Value="Form"/>
      </Unit6>
      <Unit7>
        <Filename Value="rtfp_pdfium.pas"/>
        <IsPartOfProject Value="True"/>
      </Unit7>
      <Unit8>
        <Filename Value="rtfp_pdfobj.pas"/>
        <IsPartOfProject Value="True"/>
      </Unit8>
      <Unit9>
        <Filename Value="form_import.pas"/>
        <IsPartOfProject Value="True"/>
        <ComponentName Value="Form_ImportFiles"/>
        <HasResources Value="True"/>
        <ResourceBaseClass Value="Form"/>
      </Unit9>
      <Unit10>
        <Filename Value="rtfp_field.pas"/>
        <IsPartOfProject Value="True"/>
      </Unit10>
      <Unit11>
        <Filename Value="rtfp_class.pas"/>
        <IsPartOfProject Value="True"/>
      </Unit11>
      <Unit12>
        <Filename Value="rtfp_files.pas"/>
        <IsPartOfProject Value="True"/>
      </Unit12>
      <Unit13>
        <Filename Value="rtfp_constants.pas"/>
        <IsPartOfProject Value="True"/>
      </Unit13>
      <Unit14>
        <Filename Value="form_classmanager.pas"/>
        <IsPartOfProject Value="True"/>
        <ComponentName Value="ClassManagerForm"/>
        <HasResources Value="True"/>
        <ResourceBaseClass Value="Form"/>
      </Unit14>
    </Units>
  </ProjectOptions>
  <CompilerOptions>
    <Version Value="11"/>
    <PathDelim Value="\"/>
    <Target>
      <Filename Value="RTFP_Desktop"/>
    </Target>
    <SearchPaths>
      <IncludeFiles Value="$(ProjOutDir)"/>
      <OtherUnitFiles Value="..\FPC_Unit\Auf"/>
      <UnitOutputDirectory Value="lib\$(TargetCPU)-$(TargetOS)"/>
    </SearchPaths>
    <Linking>
      <Options>
        <Win32>
          <GraphicApplication Value="True"/>
        </Win32>
      </Options>
    </Linking>
  </CompilerOptions>
  <Debugging>
    <Exceptions Count="3">
      <Item1>
        <Name Value="EAbort"/>
      </Item1>
      <Item2>
        <Name Value="ECodetoolError"/>
      </Item2>
      <Item3>
        <Name Value="EFOpenError"/>
      </Item3>
    </Exceptions>
  </Debugging>
</CONFIG>
